
Microsoft Visual Studio Solution File, Format Version 12.00
# Visual Studio Version 17
VisualStudioVersion = 17.3.32825.248
MinimumVisualStudioVersion = 10.0.40219.1
Project("{9A19103F-16F7-4668-BE54-9A1E7A4F7556}") = "Task3Subtask2", "Task3Subtask2\Task3Subtask2.csproj", "{6AC7EDFF-3A25-45FF-A2DC-3B69AB7103CF}"
EndProject
Project("{FAE04EC0-301F-11D3-BF4B-00C04F79EFBC}") = "Task2Subtask3", "Task2Subtask3\Task2Subtask3.csproj", "{A14E8726-1448-4CAA-ACB2-602917AC8316}"
EndProject
Project("{FAE04EC0-301F-11D3-BF4B-00C04F79EFBC}") = "Task2Subtask7", "Task2Subtask7\Task2Subtask7.csproj", "{087D2FCE-9EC7-4C85-B836-00837B6FE937}"
EndProject
Project("{FAE04EC0-301F-11D3-BF4B-00C04F79EFBC}") = "Task2Subtask8", "Task2Subtask8\Task2Subtask8.csproj", "{17DE7581-BA6A-4BD5-A356-90012FAE7BF3}"
EndProject
Project("{FAE04EC0-301F-11D3-BF4B-00C04F79EFBC}") = "Task4Subtask2", "Task4Subtask2\Task4Subtask2.csproj", "{2ACAF59A-E479-4A4A-A47E-B1C6F44A9D8E}"
EndProject
Project("{FAE04EC0-301F-11D3-BF4B-00C04F79EFBC}") = "Task4Subtask3", "Task4Subtask3\Task4Subtask3.csproj", "{71DEFF41-724A-4988-BB6C-08B10E1E81E6}"
EndProject
Project("{FAE04EC0-301F-11D3-BF4B-00C04F79EFBC}") = "Task5Subtask3", "Task5Subtask3\Task5Subtask3.csproj", "{A5659581-4AE5-4266-A217-2B45AD762710}"
EndProject
Project("{FAE04EC0-301F-11D3-BF4B-00C04F79EFBC}") = "Task5Subtask4", "Task5Subtask4\Task5Subtask4.csproj", "{3DCA6216-8759-499F-A65E-784AD0A210C8}"
EndProject
Project("{FAE04EC0-301F-11D3-BF4B-00C04F79EFBC}") = "Task5Subtask5", "Task5Subtask5\Task5Subtask5.csproj", "{7D70875B-2548-48D9-83E9-80EE59B78052}"
EndProject
Project("{FAE04EC0-301F-11D3-BF4B-00C04F79EFBC}") = "Task6Subtask0", "Task6Subtask0\Task6Subtask0.csproj", "{B8FCB374-6606-4F58-9D7F-26655FEF3391}"
EndProject
Project("{FAE04EC0-301F-11D3-BF4B-00C04F79EFBC}") = "Task6Subtask3", "Task6Subtask3\Task6Subtask3.csproj", "{52626987-2D4C-4862-9898-6448062E6F91}"
EndProject
Project("{FAE04EC0-301F-11D3-BF4B-00C04F79EFBC}") = "Task6Subtask5", "Task6Subtask5\Task6Subtask5.csproj", "{1DFD3E7E-81C7-442E-B0F3-0A2DFFFBAD3C}"
EndProject
Project("{FAE04EC0-301F-11D3-BF4B-00C04F79EFBC}") = "Task6Subtask6", "Task6Subtask6\Task6Subtask6.csproj", "{DD40EFCD-F6B4-4FE9-8D25-C453547EB5E6}"
EndProject
Project("{FAE04EC0-301F-11D3-BF4B-00C04F79EFBC}") = "Task6Subtask7", "Task6Subtask7\Task6Subtask7.csproj", "{D97B5300-80AD-45F1-9468-473D5A48D368}"
EndProject
Global
	GlobalSection(SolutionConfigurationPlatforms) = preSolution
		Debug|Any CPU = Debug|Any CPU
		Release|Any CPU = Release|Any CPU
	EndGlobalSection
	GlobalSection(ProjectConfigurationPlatforms) = postSolution
		{6AC7EDFF-3A25-45FF-A2DC-3B69AB7103CF}.Debug|Any CPU.ActiveCfg = Debug|Any CPU
		{6AC7EDFF-3A25-45FF-A2DC-3B69AB7103CF}.Debug|Any CPU.Build.0 = Debug|Any CPU
		{6AC7EDFF-3A25-45FF-A2DC-3B69AB7103CF}.Release|Any CPU.ActiveCfg = Release|Any CPU
		{6AC7EDFF-3A25-45FF-A2DC-3B69AB7103CF}.Release|Any CPU.Build.0 = Release|Any CPU
		{A14E8726-1448-4CAA-ACB2-602917AC8316}.Debug|Any CPU.ActiveCfg = Debug|Any CPU
		{A14E8726-1448-4CAA-ACB2-602917AC8316}.Debug|Any CPU.Build.0 = Debug|Any CPU
		{A14E8726-1448-4CAA-ACB2-602917AC8316}.Release|Any CPU.ActiveCfg = Release|Any CPU
		{A14E8726-1448-4CAA-ACB2-602917AC8316}.Release|Any CPU.Build.0 = Release|Any CPU
		{087D2FCE-9EC7-4C85-B836-00837B6FE937}.Debug|Any CPU.ActiveCfg = Debug|Any CPU
		{087D2FCE-9EC7-4C85-B836-00837B6FE937}.Debug|Any CPU.Build.0 = Debug|Any CPU
		{087D2FCE-9EC7-4C85-B836-00837B6FE937}.Release|Any CPU.ActiveCfg = Release|Any CPU
		{087D2FCE-9EC7-4C85-B836-00837B6FE937}.Release|Any CPU.Build.0 = Release|Any CPU
		{17DE7581-BA6A-4BD5-A356-90012FAE7BF3}.Debug|Any CPU.ActiveCfg = Debug|Any CPU
		{17DE7581-BA6A-4BD5-A356-90012FAE7BF3}.Debug|Any CPU.Build.0 = Debug|Any CPU
		{17DE7581-BA6A-4BD5-A356-90012FAE7BF3}.Release|Any CPU.ActiveCfg = Release|Any CPU
		{17DE7581-BA6A-4BD5-A356-90012FAE7BF3}.Release|Any CPU.Build.0 = Release|Any CPU
		{2ACAF59A-E479-4A4A-A47E-B1C6F44A9D8E}.Debug|Any CPU.ActiveCfg = Debug|Any CPU
		{2ACAF59A-E479-4A4A-A47E-B1C6F44A9D8E}.Debug|Any CPU.Build.0 = Debug|Any CPU
		{2ACAF59A-E479-4A4A-A47E-B1C6F44A9D8E}.Release|Any CPU.ActiveCfg = Release|Any CPU
		{2ACAF59A-E479-4A4A-A47E-B1C6F44A9D8E}.Release|Any CPU.Build.0 = Release|Any CPU
		{71DEFF41-724A-4988-BB6C-08B10E1E81E6}.Debug|Any CPU.ActiveCfg = Debug|Any CPU
		{71DEFF41-724A-4988-BB6C-08B10E1E81E6}.Debug|Any CPU.Build.0 = Debug|Any CPU
		{71DEFF41-724A-4988-BB6C-08B10E1E81E6}.Release|Any CPU.ActiveCfg = Release|Any CPU
		{71DEFF41-724A-4988-BB6C-08B10E1E81E6}.Release|Any CPU.Build.0 = Release|Any CPU
		{A5659581-4AE5-4266-A217-2B45AD762710}.Debug|Any CPU.ActiveCfg = Debug|Any CPU
		{A5659581-4AE5-4266-A217-2B45AD762710}.Debug|Any CPU.Build.0 = Debug|Any CPU
		{A5659581-4AE5-4266-A217-2B45AD762710}.Release|Any CPU.ActiveCfg = Release|Any CPU
		{A5659581-4AE5-4266-A217-2B45AD762710}.Release|Any CPU.Build.0 = Release|Any CPU
		{3DCA6216-8759-499F-A65E-784AD0A210C8}.Debug|Any CPU.ActiveCfg = Debug|Any CPU
		{3DCA6216-8759-499F-A65E-784AD0A210C8}.Debug|Any CPU.Build.0 = Debug|Any CPU
		{3DCA6216-8759-499F-A65E-784AD0A210C8}.Release|Any CPU.ActiveCfg = Release|Any CPU
		{3DCA6216-8759-499F-A65E-784AD0A210C8}.Release|Any CPU.Build.0 = Release|Any CPU
		{7D70875B-2548-48D9-83E9-80EE59B78052}.Debug|Any CPU.ActiveCfg = Debug|Any CPU
		{7D70875B-2548-48D9-83E9-80EE59B78052}.Debug|Any CPU.Build.0 = Debug|Any CPU
		{7D70875B-2548-48D9-83E9-80EE59B78052}.Release|Any CPU.ActiveCfg = Release|Any CPU
		{7D70875B-2548-48D9-83E9-80EE59B78052}.Release|Any CPU.Build.0 = Release|Any CPU
		{B8FCB374-6606-4F58-9D7F-26655FEF3391}.Debug|Any CPU.ActiveCfg = Debug|Any CPU
		{B8FCB374-6606-4F58-9D7F-26655FEF3391}.Debug|Any CPU.Build.0 = Debug|Any CPU
		{B8FCB374-6606-4F58-9D7F-26655FEF3391}.Release|Any CPU.ActiveCfg = Release|Any CPU
		{B8FCB374-6606-4F58-9D7F-26655FEF3391}.Release|Any CPU.Build.0 = Release|Any CPU
		{52626987-2D4C-4862-9898-6448062E6F91}.Debug|Any CPU.ActiveCfg = Debug|Any CPU
		{52626987-2D4C-4862-9898-6448062E6F91}.Debug|Any CPU.Build.0 = Debug|Any CPU
		{52626987-2D4C-4862-9898-6448062E6F91}.Release|Any CPU.ActiveCfg = Release|Any CPU
		{52626987-2D4C-4862-9898-6448062E6F91}.Release|Any CPU.Build.0 = Release|Any CPU
		{1DFD3E7E-81C7-442E-B0F3-0A2DFFFBAD3C}.Debug|Any CPU.ActiveCfg = Debug|Any CPU
		{1DFD3E7E-81C7-442E-B0F3-0A2DFFFBAD3C}.Debug|Any CPU.Build.0 = Debug|Any CPU
		{1DFD3E7E-81C7-442E-B0F3-0A2DFFFBAD3C}.Release|Any CPU.ActiveCfg = Release|Any CPU
		{1DFD3E7E-81C7-442E-B0F3-0A2DFFFBAD3C}.Release|Any CPU.Build.0 = Release|Any CPU
		{DD40EFCD-F6B4-4FE9-8D25-C453547EB5E6}.Debug|Any CPU.ActiveCfg = Debug|Any CPU
		{DD40EFCD-F6B4-4FE9-8D25-C453547EB5E6}.Debug|Any CPU.Build.0 = Debug|Any CPU
		{DD40EFCD-F6B4-4FE9-8D25-C453547EB5E6}.Release|Any CPU.ActiveCfg = Release|Any CPU
		{DD40EFCD-F6B4-4FE9-8D25-C453547EB5E6}.Release|Any CPU.Build.0 = Release|Any CPU
		{D97B5300-80AD-45F1-9468-473D5A48D368}.Debug|Any CPU.ActiveCfg = Debug|Any CPU
		{D97B5300-80AD-45F1-9468-473D5A48D368}.Debug|Any CPU.Build.0 = Debug|Any CPU
		{D97B5300-80AD-45F1-9468-473D5A48D368}.Release|Any CPU.ActiveCfg = Release|Any CPU
		{D97B5300-80AD-45F1-9468-473D5A48D368}.Release|Any CPU.Build.0 = Release|Any CPU
	EndGlobalSection
	GlobalSection(SolutionProperties) = preSolution
		HideSolutionNode = FALSE
	EndGlobalSection
	GlobalSection(ExtensibilityGlobals) = postSolution
		SolutionGuid = {2E633E0F-E146-4CC9-969A-3179B98D8426}
	EndGlobalSection
EndGlobal
